// !$*UTF8*$!
{
	archiveVersion = 1;
	classes = {
	};
	objectVersion = 46;
	objects = {

/* Begin PBXBuildFile section */
		318B8F021F507445001ECC4A /* AppDelegate.swift in Sources */ = {isa = PBXBuildFile; fileRef = 318B8F011F507445001ECC4A /* AppDelegate.swift */; };
		318B8F041F507445001ECC4A /* ViewController.swift in Sources */ = {isa = PBXBuildFile; fileRef = 318B8F031F507445001ECC4A /* ViewController.swift */; };
		318B8F071F507445001ECC4A /* Main.storyboard in Resources */ = {isa = PBXBuildFile; fileRef = 318B8F051F507445001ECC4A /* Main.storyboard */; };
		318B8F091F507445001ECC4A /* Assets.xcassets in Resources */ = {isa = PBXBuildFile; fileRef = 318B8F081F507445001ECC4A /* Assets.xcassets */; };
		318B8F0C1F507445001ECC4A /* LaunchScreen.storyboard in Resources */ = {isa = PBXBuildFile; fileRef = 318B8F0A1F507445001ECC4A /* LaunchScreen.storyboard */; };
/* End PBXBuildFile section */

/* Begin PBXFileReference section */
		318B8EFE1F507445001ECC4A /* TableViewDynamicUpdatesSample.app */ = {isa = PBXFileReference; explicitFileType = wrapper.application; includeInIndex = 0; path = TableViewDynamicUpdatesSample.app; sourceTree = BUILT_PRODUCTS_DIR; };
		318B8F011F507445001ECC4A /* AppDelegate.swift */ = {isa = PBXFileReference; lastKnownFileType = sourcecode.swift; path = AppDelegate.swift; sourceTree = "<group>"; };
		318B8F031F507445001ECC4A /* ViewController.swift */ = {isa = PBXFileReference; lastKnownFileType = sourcecode.swift; path = ViewController.swift; sourceTree = "<group>"; };
		318B8F061F507445001ECC4A /* Base */ = {isa = PBXFileReference; lastKnownFileType = file.storyboard; name = Base; path = Base.lproj/Main.storyboard; sourceTree = "<group>"; };
		318B8F081F507445001ECC4A /* Assets.xcassets */ = {isa = PBXFileReference; lastKnownFileType = folder.assetcatalog; path = Assets.xcassets; sourceTree = "<group>"; };
		318B8F0B1F507445001ECC4A /* Base */ = {isa = PBXFileReference; lastKnownFileType = file.storyboard; name = Base; path = Base.lproj/LaunchScreen.storyboard; sourceTree = "<group>"; };
		318B8F0D1F507445001ECC4A /* Info.plist */ = {isa = PBXFileReference; lastKnownFileType = text.plist.xml; path = Info.plist; sourceTree = "<group>"; };
/* End PBXFileReference section */

/* Begin PBXFrameworksBuildPhase section */
		318B8EFB1F507445001ECC4A /* Frameworks */ = {
			isa = PBXFrameworksBuildPhase;
			buildActionMask = 2147483647;
			files = (
			);
			runOnlyForDeploymentPostprocessing = 0;
		};
/* End PBXFrameworksBuildPhase section */

/* Begin PBXGroup section */
		318B8EF51F507445001ECC4A = {
			isa = PBXGroup;
			children = (
				318B8F001F507445001ECC4A /* TableViewDynamicUpdatesSample */,
				318B8EFF1F507445001ECC4A /* Products */,
			);
			sourceTree = "<group>";
		};
		318B8EFF1F507445001ECC4A /* Products */ = {
			isa = PBXGroup;
			children = (
				318B8EFE1F507445001ECC4A /* TableViewDynamicUpdatesSample.app */,
			);
			name = Products;
			sourceTree = "<group>";
		};
		318B8F001F507445001ECC4A /* TableViewDynamicUpdatesSample */ = {
			isa = PBXGroup;
			children = (
				318B8F011F507445001ECC4A /* AppDelegate.swift */,
				318B8F031F507445001ECC4A /* ViewController.swift */,
				318B8F051F507445001ECC4A /* Main.storyboard */,
				318B8F081F507445001ECC4A /* Assets.xcassets */,
				318B8F0A1F507445001ECC4A /* LaunchScreen.storyboard */,
				318B8F0D1F507445001ECC4A /* Info.plist */,
			);
			path = TableViewDynamicUpdatesSample;
			sourceTree = "<group>";
		};
/* End PBXGroup section */

/* Begin PBXNativeTarget section */
		318B8EFD1F507445001ECC4A /* TableViewDynamicUpdatesSample */ = {
			isa = PBXNativeTarget;
			buildConfigurationList = 318B8F101F507445001ECC4A /* Build configuration list for PBXNativeTarget "TableViewDynamicUpdatesSample" */;
			buildPhases = (
				318B8EFA1F507445001ECC4A /* Sources */,
				318B8EFB1F507445001ECC4A /* Frameworks */,
				318B8EFC1F507445001ECC4A /* Resources */,
			);
			buildRules = (
			);
			dependencies = (
			);
			name = TableViewDynamicUpdatesSample;
			productName = TableViewDynamicUpdatesSample;
			productReference = 318B8EFE1F507445001ECC4A /* TableViewDynamicUpdatesSample.app */;
			productType = "com.apple.product-type.application";
		};
/* End PBXNativeTarget section */

/* Begin PBXProject section */
		318B8EF61F507445001ECC4A /* Project object */ = {
			isa = PBXProject;
			attributes = {
				LastSwiftUpdateCheck = 0830;
				LastUpgradeCheck = 0830;
				ORGANIZATIONNAME = Wyszo;
				TargetAttributes = {
					318B8EFD1F507445001ECC4A = {
						CreatedOnToolsVersion = 8.3.3;
						ProvisioningStyle = Automatic;
					};
				};
			};
			buildConfigurationList = 318B8EF91F507445001ECC4A /* Build configuration list for PBXProject "TableViewDynamicUpdatesSample" */;
			compatibilityVersion = "Xcode 3.2";
			developmentRegion = English;
			hasScannedForEncodings = 0;
			knownRegions = (
				en,
				Base,
			);
			mainGroup = 318B8EF51F507445001ECC4A;
			productRefGroup = 318B8EFF1F507445001ECC4A /* Products */;
			projectDirPath = "";
			projectRoot = "";
			targets = (
				318B8EFD1F507445001ECC4A /* TableViewDynamicUpdatesSample */,
			);
		};
/* End PBXProject section */

/* Begin PBXResourcesBuildPhase section */
		318B8EFC1F507445001ECC4A /* Resources */ = {
			isa = PBXResourcesBuildPhase;
			buildActionMask = 2147483647;
			files = (
				318B8F0C1F507445001ECC4A /* LaunchScreen.storyboard in Resources */,
				318B8F091F507445001ECC4A /* Assets.xcassets in Resources */,
				318B8F071F507445001ECC4A /* Main.storyboard in Resources */,
			);
			runOnlyForDeploymentPostprocessing = 0;
		};
/* End PBXResourcesBuildPhase section */

/* Begin PBXSourcesBuildPhase section */
		318B8EFA1F507445001ECC4A /* Sources */ = {
			isa = PBXSourcesBuildPhase;
			buildActionMask = 2147483647;
			files = (
				318B8F041F507445001ECC4A /* ViewController.swift in Sources */,
				318B8F021F507445001ECC4A /* AppDelegate.swift in Sources */,
			);
			runOnlyForDeploymentPostprocessing = 0;
		};
/* End PBXSourcesBuildPhase section */

/* Begin PBXVariantGroup section */
		318B8F051F507445001ECC4A /* Main.storyboard */ = {
			isa = PBXVariantGroup;
			children = (
				318B8F061F507445001ECC4A /* Base */,
			);
			name = Main.storyboard;
			sourceTree = "<group>";
		};
		318B8F0A1F507445001ECC4A /* LaunchScreen.storyboard */ = {
			isa = PBXVariantGroup;
			children = (
				318B8F0B1F507445001ECC4A /* Base */,
			);
			name = LaunchScreen.storyboard;
			sourceTree = "<group>";
		};
/* End PBXVariantGroup section */

/* Begin XCBuildConfiguration section */
		318B8F0E1F507445001ECC4A /* Debug */ = {
			isa = XCBuildConfiguration;
			buildSettings = {
				ALWAYS_SEARCH_USER_PATHS = NO;
				CLANG_ANALYZER_NONNULL = YES;
				CLANG_ANALYZER_NUMBER_OBJECT_CONVERSION = YES_AGGRESSIVE;
				CLANG_CXX_LANGUAGE_STANDARD = "gnu++0x";
				CLANG_CXX_LIBRARY = "libc++";
				CLANG_ENABLE_MODULES = YES;
				CLANG_ENABLE_OBJC_ARC = YES;
				CLANG_WARN_BOOL_CONVERSION = YES;
				CLANG_WARN_CONSTANT_CONVERSION = YES;
				CLANG_WARN_DIRECT_OBJC_ISA_USAGE = YES_ERROR;
				CLANG_WARN_DOCUMENTATION_COMMENTS = YES;
				CLANG_WARN_EMPTY_BODY = YES;
				CLANG_WARN_ENUM_CONVERSION = YES;
				CLANG_WARN_INFINITE_RECURSION = YES;
				CLANG_WARN_INT_CONVERSION = YES;
				CLANG_WARN_OBJC_ROOT_CLASS = YES_ERROR;
				CLANG_WARN_SUSPICIOUS_MOVE = YES;
				CLANG_WARN_UNREACHABLE_CODE = YES;
				CLANG_WARN__DUPLICATE_METHOD_MATCH = YES;
				"CODE_SIGN_IDENTITY[sdk=iphoneos*]" = "iPhone Developer";
				COPY_PHASE_STRIP = NO;
				DEBUG_INFORMATION_FORMAT = dwarf;
				ENABLE_STRICT_OBJC_MSGSEND = YES;
				ENABLE_TESTABILITY = YES;
				GCC_C_LANGUAGE_STANDARD = gnu99;
				GCC_DYNAMIC_NO_PIC = NO;
				GCC_NO_COMMON_BLOCKS = YES;
				GCC_OPTIMIZATION_LEVEL = 0;
				GCC_PREPROCESSOR_DEFINITIONS = (
					"DEBUG=1",
					"$(inherited)",
				);
				GCC_WARN_64_TO_32_BIT_CONVERSION = YES;
				GCC_WARN_ABOUT_RETURN_TYPE = YES_ERROR;
				GCC_WARN_UNDECLARED_SELECTOR = YES;
				GCC_WARN_UNINITIALIZED_AUTOS = YES_AGGRESSIVE;
				GCC_WARN_UNUSED_FUNCTION = YES;
				GCC_WARN_UNUSED_VARIABLE = YES;
				IPHONEOS_DEPLOYMENT_TARGET = 10.3;
				MTL_ENABLE_DEBUG_INFO = YES;
				ONLY_ACTIVE_ARCH = YES;
				SDKROOT = iphoneos;
				SWIFT_ACTIVE_COMPILATION_CONDITIONS = DEBUG;
				SWIFT_OPTIMIZATION_LEVEL = "-Onone";
			};
			name = Debug;
		};
		318B8F0F1F507445001ECC4A /* Release */ = {
			isa = XCBuildConfiguration;
			buildSettings = {
				ALWAYS_SEARCH_USER_PATHS = NO;
				CLANG_ANALYZER_NONNULL = YES;
				CLANG_ANALYZER_NUMBER_OBJECT_CONVERSION = YES_AGGRESSIVE;
				CLANG_CXX_LANGUAGE_STANDARD = "gnu++0x";
				CLANG_CXX_LIBRARY = "libc++";
				CLANG_ENABLE_MODULES = YES;
				CLANG_ENABLE_OBJC_ARC = YES;
				CLANG_WARN_BOOL_CONVERSION = YES;
				CLANG_WARN_CONSTANT_CONVERSION = YES;
				CLANG_WARN_DIRECT_OBJC_ISA_USAGE = YES_ERROR;
				CLANG_WARN_DOCUMENTATION_COMMENTS = YES;
				CLANG_WARN_EMPTY_BODY = YES;
				CLANG_WARN_ENUM_CONVERSION = YES;
				CLANG_WARN_INFINITE_RECURSION = YES;
				CLANG_WARN_INT_CONVERSION = YES;
				CLANG_WARN_OBJC_ROOT_CLASS = YES_ERROR;
				CLANG_WARN_SUSPICIOUS_MOVE = YES;
				CLANG_WARN_UNREACHABLE_CODE = YES;
				CLANG_WARN__DUPLICATE_METHOD_MATCH = YES;
				"CODE_SIGN_IDENTITY[sdk=iphoneos*]" = "iPhone Developer";
				COPY_PHASE_STRIP = NO;
				DEBUG_INFORMATION_FORMAT = "dwarf-with-dsym";
				ENABLE_NS_ASSERTIONS = NO;
				ENABLE_STRICT_OBJC_MSGSEND = YES;
				GCC_C_LANGUAGE_STANDARD = gnu99;
				GCC_NO_COMMON_BLOCKS = YES;
				GCC_WARN_64_TO_32_BIT_CONVERSION = YES;
				GCC_WARN_ABOUT_RETURN_TYPE = YES_ERROR;
				GCC_WARN_UNDECLARED_SELECTOR = YES;
				GCC_WARN_UNINITIALIZED_AUTOS = YES_AGGRESSIVE;
				GCC_WARN_UNUSED_FUNCTION = YES;
				GCC_WARN_UNUSED_VARIABLE = YES;
				IPHONEOS_DEPLOYMENT_TARGET = 10.3;
				MTL_ENABLE_DEBUG_INFO = NO;
				SDKROOT = iphoneos;
				SWIFT_OPTIMIZATION_LEVEL = "-Owholemodule";
				VALIDATE_PRODUCT = YES;
			};
			name = Release;
		};
		318B8F111F507445001ECC4A /* Debug */ = {
			isa = XCBuildConfiguration;
			buildSettings = {
				ASSETCATALOG_COMPILER_APPICON_NAME = AppIcon;
				INFOPLIST_FILE = TableViewDynamicUpdatesSample/Info.plist;
				LD_RUNPATH_SEARCH_PATHS = "$(inherited) @executable_path/Frameworks";
				PRODUCT_BUNDLE_IDENTIFIER = wyszo.TableViewDynamicUpdatesSample;
				PRODUCT_NAME = "$(TARGET_NAME)";
				SWIFT_VERSION = 3.0;
			};
			name = Debug;
		};
		318B8F121F507445001ECC4A /* Release */ = {
			isa = XCBuildConfiguration;
			buildSettings = {
				ASSETCATALOG_COMPILER_APPICON_NAME = AppIcon;
				INFOPLIST_FILE = TableViewDynamicUpdatesSample/Info.plist;
				LD_RUNPATH_SEARCH_PATHS = "$(inherited) @executable_path/Frameworks";
				PRODUCT_BUNDLE_IDENTIFIER = wyszo.TableViewDynamicUpdatesSample;
				PRODUCT_NAME = "$(TARGET_NAME)";
				SWIFT_VERSION = 3.0;
			};
			name = Release;
		};
/* End XCBuildConfiguration section */

/* Begin XCConfigurationList section */
		318B8EF91F507445001ECC4A /* Build configuration list for PBXProject "TableViewDynamicUpdatesSample" */ = {
			isa = XCConfigurationList;
			buildConfigurations = (
				318B8F0E1F507445001ECC4A /* Debug */,
				318B8F0F1F507445001ECC4A /* Release */,
			);
			defaultConfigurationIsVisible = 0;
			defaultConfigurationName = Release;
		};
		318B8F101F507445001ECC4A /* Build configuration list for PBXNativeTarget "TableViewDynamicUpdatesSample" */ = {
			isa = XCConfigurationList;
			buildConfigurations = (
				318B8F111F507445001ECC4A /* Debug */,
				318B8F121F507445001ECC4A /* Release */,
			);
			defaultConfigurationIsVisible = 0;
		};
/* End XCConfigurationList section */
	};
	rootObject = 318B8EF61F507445001ECC4A /* Project object */;
}
